
Microsoft Visual Studio Solution File, Format Version 12.00
# Visual Studio 14
VisualStudioVersion = 14.0.24720.0
MinimumVisualStudioVersion = 10.0.40219.1
Project("{FAE04EC0-301F-11D3-BF4B-00C04F79EFBC}") = "YellowDrawer.Storage.Simple", "YellowDrawer.Simple\YellowDrawer.Storage.Simple.csproj", "{4E290336-4B1A-40D2-8965-D5E9EC2952F8}"
EndProject
Project("{FAE04EC0-301F-11D3-BF4B-00C04F79EFBC}") = "YellowDrawer.Storage.Tests", "YellowDrawer.Tests\YellowDrawer.Storage.Tests.csproj", "{795A35A3-0D25-4E18-968E-181B10CEBFF8}"
EndProject
Project("{2150E333-8FDC-42A3-9474-1A3956D46DE8}") = "YellowDrawer.Storage.Amazon", "YellowDrawer.Storage.Amazon", "{E33F24A5-5EB0-4F01-89DA-66C74654C4B6}"
EndProject
Project("{2150E333-8FDC-42A3-9474-1A3956D46DE8}") = "YellowDrawer.Storage.Azure", "YellowDrawer.Storage.Azure", "{464F0149-616F-4BF6-AFC9-322BA04F9395}"
EndProject
Project("{2150E333-8FDC-42A3-9474-1A3956D46DE8}") = "YellowDrawer.Storage.GridFS", "YellowDrawer.Storage.GridFS", "{EEA9C533-54AE-4B32-85DE-CA24C60C9016}"
EndProject
Project("{2150E333-8FDC-42A3-9474-1A3956D46DE8}") = "YellowDrawer.Storage.Common", "YellowDrawer.Storage.Common", "{5F668B16-34EF-4AD9-925E-9402EC611BDF}"
EndProject
Project("{FAE04EC0-301F-11D3-BF4B-00C04F79EFBC}") = "YellowDrawer.Storage.GridFS", "YellowDrawer.Storage.GridFS\YellowDrawer.Storage.GridFS.csproj", "{62FB2D09-8D85-4ACE-A945-A19C8B7B2D9C}"
EndProject
Project("{FAE04EC0-301F-11D3-BF4B-00C04F79EFBC}") = "YellowDrawer.Storage.Common", "YellowDrawer.Storage.Common\YellowDrawer.Storage.Common.csproj", "{5B9E350E-BA7E-40AD-9F8E-0FF64A77C5B2}"
EndProject
Project("{FAE04EC0-301F-11D3-BF4B-00C04F79EFBC}") = "YellowDrawer.Storage.Common.Net4", "YellowDrawer.Storage.Common\YellowDrawer.Storage.Common.Net4.csproj", "{158A670C-A166-4555-8C17-7D979FF3F768}"
EndProject
Project("{FAE04EC0-301F-11D3-BF4B-00C04F79EFBC}") = "YellowDrawer.Storage.Common.Net35", "YellowDrawer.Storage.Common\YellowDrawer.Storage.Common.Net35.csproj", "{8BE90A56-5605-4EE4-8855-F3EBE0267B6D}"
EndProject
Project("{FAE04EC0-301F-11D3-BF4B-00C04F79EFBC}") = "YellowDrawer.Storage.Azure", "YellowDrawer.Storage.Azure\YellowDrawer.Storage.Azure.csproj", "{2D657EE0-DDD0-4AF4-90BB-3DDAEE0F736F}"
EndProject
Project("{FAE04EC0-301F-11D3-BF4B-00C04F79EFBC}") = "YellowDrawer.Storage.Amazon.Net4", "YellowDrawer.Storage.Amazon\YellowDrawer.Storage.Amazon.Net4.csproj", "{855B2C84-A162-4120-ACD6-D9E72768C6C0}"
EndProject
Project("{FAE04EC0-301F-11D3-BF4B-00C04F79EFBC}") = "YellowDrawer.Storage.Azure.Net4", "YellowDrawer.Storage.Azure\YellowDrawer.Storage.Azure.Net4.csproj", "{08F624EF-B1AC-43BA-BCC7-74DCC49557F0}"
EndProject
Project("{FAE04EC0-301F-11D3-BF4B-00C04F79EFBC}") = "YellowDrawer.Storage.Azure.Net35", "YellowDrawer.Storage.Azure\YellowDrawer.Storage.Azure.Net35.csproj", "{19D29711-EBAB-4D19-B8C9-AB6A76590A24}"
EndProject
Project("{FAE04EC0-301F-11D3-BF4B-00C04F79EFBC}") = "YellowDrawer.Storage.Amazon", "YellowDrawer.Storage.Amazon\YellowDrawer.Storage.Amazon.csproj", "{00833F7E-653C-4077-ABC8-7DA6334FC62A}"
EndProject
Project("{FAE04EC0-301F-11D3-BF4B-00C04F79EFBC}") = "YellowDrawer.Storage.Amazon.Net35", "YellowDrawer.Storage.Amazon\YellowDrawer.Storage.Amazon.Net35.csproj", "{BFFA7B3C-8C24-42FB-9053-163DACAF8175}"
EndProject
Global
	GlobalSection(SolutionConfigurationPlatforms) = preSolution
		Debug|Any CPU = Debug|Any CPU
		Debug|ARM = Debug|ARM
		Debug|x64 = Debug|x64
		Debug|x86 = Debug|x86
		Release|Any CPU = Release|Any CPU
		Release|ARM = Release|ARM
		Release|x64 = Release|x64
		Release|x86 = Release|x86
	EndGlobalSection
	GlobalSection(ProjectConfigurationPlatforms) = postSolution
		{4E290336-4B1A-40D2-8965-D5E9EC2952F8}.Debug|Any CPU.ActiveCfg = Debug|Any CPU
		{4E290336-4B1A-40D2-8965-D5E9EC2952F8}.Debug|Any CPU.Build.0 = Debug|Any CPU
		{4E290336-4B1A-40D2-8965-D5E9EC2952F8}.Debug|ARM.ActiveCfg = Debug|Any CPU
		{4E290336-4B1A-40D2-8965-D5E9EC2952F8}.Debug|ARM.Build.0 = Debug|Any CPU
		{4E290336-4B1A-40D2-8965-D5E9EC2952F8}.Debug|x64.ActiveCfg = Debug|Any CPU
		{4E290336-4B1A-40D2-8965-D5E9EC2952F8}.Debug|x64.Build.0 = Debug|Any CPU
		{4E290336-4B1A-40D2-8965-D5E9EC2952F8}.Debug|x86.ActiveCfg = Debug|Any CPU
		{4E290336-4B1A-40D2-8965-D5E9EC2952F8}.Debug|x86.Build.0 = Debug|Any CPU
		{4E290336-4B1A-40D2-8965-D5E9EC2952F8}.Release|Any CPU.ActiveCfg = Release|Any CPU
		{4E290336-4B1A-40D2-8965-D5E9EC2952F8}.Release|Any CPU.Build.0 = Release|Any CPU
		{4E290336-4B1A-40D2-8965-D5E9EC2952F8}.Release|ARM.ActiveCfg = Release|Any CPU
		{4E290336-4B1A-40D2-8965-D5E9EC2952F8}.Release|ARM.Build.0 = Release|Any CPU
		{4E290336-4B1A-40D2-8965-D5E9EC2952F8}.Release|x64.ActiveCfg = Release|Any CPU
		{4E290336-4B1A-40D2-8965-D5E9EC2952F8}.Release|x64.Build.0 = Release|Any CPU
		{4E290336-4B1A-40D2-8965-D5E9EC2952F8}.Release|x86.ActiveCfg = Release|Any CPU
		{4E290336-4B1A-40D2-8965-D5E9EC2952F8}.Release|x86.Build.0 = Release|Any CPU
		{795A35A3-0D25-4E18-968E-181B10CEBFF8}.Debug|Any CPU.ActiveCfg = Debug|Any CPU
		{795A35A3-0D25-4E18-968E-181B10CEBFF8}.Debug|Any CPU.Build.0 = Debug|Any CPU
		{795A35A3-0D25-4E18-968E-181B10CEBFF8}.Debug|ARM.ActiveCfg = Debug|Any CPU
		{795A35A3-0D25-4E18-968E-181B10CEBFF8}.Debug|ARM.Build.0 = Debug|Any CPU
		{795A35A3-0D25-4E18-968E-181B10CEBFF8}.Debug|x64.ActiveCfg = Debug|Any CPU
		{795A35A3-0D25-4E18-968E-181B10CEBFF8}.Debug|x64.Build.0 = Debug|Any CPU
		{795A35A3-0D25-4E18-968E-181B10CEBFF8}.Debug|x86.ActiveCfg = Debug|Any CPU
		{795A35A3-0D25-4E18-968E-181B10CEBFF8}.Debug|x86.Build.0 = Debug|Any CPU
		{795A35A3-0D25-4E18-968E-181B10CEBFF8}.Release|Any CPU.ActiveCfg = Release|Any CPU
		{795A35A3-0D25-4E18-968E-181B10CEBFF8}.Release|Any CPU.Build.0 = Release|Any CPU
		{795A35A3-0D25-4E18-968E-181B10CEBFF8}.Release|ARM.ActiveCfg = Release|Any CPU
		{795A35A3-0D25-4E18-968E-181B10CEBFF8}.Release|ARM.Build.0 = Release|Any CPU
		{795A35A3-0D25-4E18-968E-181B10CEBFF8}.Release|x64.ActiveCfg = Release|Any CPU
		{795A35A3-0D25-4E18-968E-181B10CEBFF8}.Release|x64.Build.0 = Release|Any CPU
		{795A35A3-0D25-4E18-968E-181B10CEBFF8}.Release|x86.ActiveCfg = Release|Any CPU
		{795A35A3-0D25-4E18-968E-181B10CEBFF8}.Release|x86.Build.0 = Release|Any CPU
		{62FB2D09-8D85-4ACE-A945-A19C8B7B2D9C}.Debug|Any CPU.ActiveCfg = Debug|Any CPU
		{62FB2D09-8D85-4ACE-A945-A19C8B7B2D9C}.Debug|Any CPU.Build.0 = Debug|Any CPU
		{62FB2D09-8D85-4ACE-A945-A19C8B7B2D9C}.Debug|ARM.ActiveCfg = Debug|Any CPU
		{62FB2D09-8D85-4ACE-A945-A19C8B7B2D9C}.Debug|ARM.Build.0 = Debug|Any CPU
		{62FB2D09-8D85-4ACE-A945-A19C8B7B2D9C}.Debug|x64.ActiveCfg = Debug|Any CPU
		{62FB2D09-8D85-4ACE-A945-A19C8B7B2D9C}.Debug|x64.Build.0 = Debug|Any CPU
		{62FB2D09-8D85-4ACE-A945-A19C8B7B2D9C}.Debug|x86.ActiveCfg = Debug|Any CPU
		{62FB2D09-8D85-4ACE-A945-A19C8B7B2D9C}.Debug|x86.Build.0 = Debug|Any CPU
		{62FB2D09-8D85-4ACE-A945-A19C8B7B2D9C}.Release|Any CPU.ActiveCfg = Release|Any CPU
		{62FB2D09-8D85-4ACE-A945-A19C8B7B2D9C}.Release|Any CPU.Build.0 = Release|Any CPU
		{62FB2D09-8D85-4ACE-A945-A19C8B7B2D9C}.Release|ARM.ActiveCfg = Release|Any CPU
		{62FB2D09-8D85-4ACE-A945-A19C8B7B2D9C}.Release|ARM.Build.0 = Release|Any CPU
		{62FB2D09-8D85-4ACE-A945-A19C8B7B2D9C}.Release|x64.ActiveCfg = Release|Any CPU
		{62FB2D09-8D85-4ACE-A945-A19C8B7B2D9C}.Release|x64.Build.0 = Release|Any CPU
		{62FB2D09-8D85-4ACE-A945-A19C8B7B2D9C}.Release|x86.ActiveCfg = Release|Any CPU
		{62FB2D09-8D85-4ACE-A945-A19C8B7B2D9C}.Release|x86.Build.0 = Release|Any CPU
		{5B9E350E-BA7E-40AD-9F8E-0FF64A77C5B2}.Debug|Any CPU.ActiveCfg = Debug|Any CPU
		{5B9E350E-BA7E-40AD-9F8E-0FF64A77C5B2}.Debug|Any CPU.Build.0 = Debug|Any CPU
		{5B9E350E-BA7E-40AD-9F8E-0FF64A77C5B2}.Debug|ARM.ActiveCfg = Debug|Any CPU
		{5B9E350E-BA7E-40AD-9F8E-0FF64A77C5B2}.Debug|ARM.Build.0 = Debug|Any CPU
		{5B9E350E-BA7E-40AD-9F8E-0FF64A77C5B2}.Debug|x64.ActiveCfg = Debug|Any CPU
		{5B9E350E-BA7E-40AD-9F8E-0FF64A77C5B2}.Debug|x64.Build.0 = Debug|Any CPU
		{5B9E350E-BA7E-40AD-9F8E-0FF64A77C5B2}.Debug|x86.ActiveCfg = Debug|Any CPU
		{5B9E350E-BA7E-40AD-9F8E-0FF64A77C5B2}.Debug|x86.Build.0 = Debug|Any CPU
		{5B9E350E-BA7E-40AD-9F8E-0FF64A77C5B2}.Release|Any CPU.ActiveCfg = Release|Any CPU
		{5B9E350E-BA7E-40AD-9F8E-0FF64A77C5B2}.Release|Any CPU.Build.0 = Release|Any CPU
		{5B9E350E-BA7E-40AD-9F8E-0FF64A77C5B2}.Release|ARM.ActiveCfg = Release|Any CPU
		{5B9E350E-BA7E-40AD-9F8E-0FF64A77C5B2}.Release|ARM.Build.0 = Release|Any CPU
		{5B9E350E-BA7E-40AD-9F8E-0FF64A77C5B2}.Release|x64.ActiveCfg = Release|Any CPU
		{5B9E350E-BA7E-40AD-9F8E-0FF64A77C5B2}.Release|x64.Build.0 = Release|Any CPU
		{5B9E350E-BA7E-40AD-9F8E-0FF64A77C5B2}.Release|x86.ActiveCfg = Release|Any CPU
		{5B9E350E-BA7E-40AD-9F8E-0FF64A77C5B2}.Release|x86.Build.0 = Release|Any CPU
		{158A670C-A166-4555-8C17-7D979FF3F768}.Debug|Any CPU.ActiveCfg = Debug|Any CPU
		{158A670C-A166-4555-8C17-7D979FF3F768}.Debug|Any CPU.Build.0 = Debug|Any CPU
		{158A670C-A166-4555-8C17-7D979FF3F768}.Debug|ARM.ActiveCfg = Debug|Any CPU
		{158A670C-A166-4555-8C17-7D979FF3F768}.Debug|ARM.Build.0 = Debug|Any CPU
		{158A670C-A166-4555-8C17-7D979FF3F768}.Debug|x64.ActiveCfg = Debug|Any CPU
		{158A670C-A166-4555-8C17-7D979FF3F768}.Debug|x64.Build.0 = Debug|Any CPU
		{158A670C-A166-4555-8C17-7D979FF3F768}.Debug|x86.ActiveCfg = Debug|Any CPU
		{158A670C-A166-4555-8C17-7D979FF3F768}.Debug|x86.Build.0 = Debug|Any CPU
		{158A670C-A166-4555-8C17-7D979FF3F768}.Release|Any CPU.ActiveCfg = Release|Any CPU
		{158A670C-A166-4555-8C17-7D979FF3F768}.Release|Any CPU.Build.0 = Release|Any CPU
		{158A670C-A166-4555-8C17-7D979FF3F768}.Release|ARM.ActiveCfg = Release|Any CPU
		{158A670C-A166-4555-8C17-7D979FF3F768}.Release|ARM.Build.0 = Release|Any CPU
		{158A670C-A166-4555-8C17-7D979FF3F768}.Release|x64.ActiveCfg = Release|Any CPU
		{158A670C-A166-4555-8C17-7D979FF3F768}.Release|x64.Build.0 = Release|Any CPU
		{158A670C-A166-4555-8C17-7D979FF3F768}.Release|x86.ActiveCfg = Release|Any CPU
		{158A670C-A166-4555-8C17-7D979FF3F768}.Release|x86.Build.0 = Release|Any CPU
		{8BE90A56-5605-4EE4-8855-F3EBE0267B6D}.Debug|Any CPU.ActiveCfg = Debug|Any CPU
		{8BE90A56-5605-4EE4-8855-F3EBE0267B6D}.Debug|Any CPU.Build.0 = Debug|Any CPU
		{8BE90A56-5605-4EE4-8855-F3EBE0267B6D}.Debug|ARM.ActiveCfg = Debug|Any CPU
		{8BE90A56-5605-4EE4-8855-F3EBE0267B6D}.Debug|ARM.Build.0 = Debug|Any CPU
		{8BE90A56-5605-4EE4-8855-F3EBE0267B6D}.Debug|x64.ActiveCfg = Debug|Any CPU
		{8BE90A56-5605-4EE4-8855-F3EBE0267B6D}.Debug|x64.Build.0 = Debug|Any CPU
		{8BE90A56-5605-4EE4-8855-F3EBE0267B6D}.Debug|x86.ActiveCfg = Debug|Any CPU
		{8BE90A56-5605-4EE4-8855-F3EBE0267B6D}.Debug|x86.Build.0 = Debug|Any CPU
		{8BE90A56-5605-4EE4-8855-F3EBE0267B6D}.Release|Any CPU.ActiveCfg = Release|Any CPU
		{8BE90A56-5605-4EE4-8855-F3EBE0267B6D}.Release|Any CPU.Build.0 = Release|Any CPU
		{8BE90A56-5605-4EE4-8855-F3EBE0267B6D}.Release|ARM.ActiveCfg = Release|Any CPU
		{8BE90A56-5605-4EE4-8855-F3EBE0267B6D}.Release|ARM.Build.0 = Release|Any CPU
		{8BE90A56-5605-4EE4-8855-F3EBE0267B6D}.Release|x64.ActiveCfg = Release|Any CPU
		{8BE90A56-5605-4EE4-8855-F3EBE0267B6D}.Release|x64.Build.0 = Release|Any CPU
		{8BE90A56-5605-4EE4-8855-F3EBE0267B6D}.Release|x86.ActiveCfg = Release|Any CPU
		{8BE90A56-5605-4EE4-8855-F3EBE0267B6D}.Release|x86.Build.0 = Release|Any CPU
		{2D657EE0-DDD0-4AF4-90BB-3DDAEE0F736F}.Debug|Any CPU.ActiveCfg = Debug|Any CPU
		{2D657EE0-DDD0-4AF4-90BB-3DDAEE0F736F}.Debug|Any CPU.Build.0 = Debug|Any CPU
		{2D657EE0-DDD0-4AF4-90BB-3DDAEE0F736F}.Debug|ARM.ActiveCfg = Debug|Any CPU
		{2D657EE0-DDD0-4AF4-90BB-3DDAEE0F736F}.Debug|ARM.Build.0 = Debug|Any CPU
		{2D657EE0-DDD0-4AF4-90BB-3DDAEE0F736F}.Debug|x64.ActiveCfg = Debug|Any CPU
		{2D657EE0-DDD0-4AF4-90BB-3DDAEE0F736F}.Debug|x64.Build.0 = Debug|Any CPU
		{2D657EE0-DDD0-4AF4-90BB-3DDAEE0F736F}.Debug|x86.ActiveCfg = Debug|Any CPU
		{2D657EE0-DDD0-4AF4-90BB-3DDAEE0F736F}.Debug|x86.Build.0 = Debug|Any CPU
		{2D657EE0-DDD0-4AF4-90BB-3DDAEE0F736F}.Release|Any CPU.ActiveCfg = Release|Any CPU
		{2D657EE0-DDD0-4AF4-90BB-3DDAEE0F736F}.Release|Any CPU.Build.0 = Release|Any CPU
		{2D657EE0-DDD0-4AF4-90BB-3DDAEE0F736F}.Release|ARM.ActiveCfg = Release|Any CPU
		{2D657EE0-DDD0-4AF4-90BB-3DDAEE0F736F}.Release|ARM.Build.0 = Release|Any CPU
		{2D657EE0-DDD0-4AF4-90BB-3DDAEE0F736F}.Release|x64.ActiveCfg = Release|Any CPU
		{2D657EE0-DDD0-4AF4-90BB-3DDAEE0F736F}.Release|x64.Build.0 = Release|Any CPU
		{2D657EE0-DDD0-4AF4-90BB-3DDAEE0F736F}.Release|x86.ActiveCfg = Release|Any CPU
		{2D657EE0-DDD0-4AF4-90BB-3DDAEE0F736F}.Release|x86.Build.0 = Release|Any CPU
		{855B2C84-A162-4120-ACD6-D9E72768C6C0}.Debug|Any CPU.ActiveCfg = Debug|Any CPU
		{855B2C84-A162-4120-ACD6-D9E72768C6C0}.Debug|Any CPU.Build.0 = Debug|Any CPU
		{855B2C84-A162-4120-ACD6-D9E72768C6C0}.Debug|ARM.ActiveCfg = Debug|Any CPU
		{855B2C84-A162-4120-ACD6-D9E72768C6C0}.Debug|ARM.Build.0 = Debug|Any CPU
		{855B2C84-A162-4120-ACD6-D9E72768C6C0}.Debug|x64.ActiveCfg = Debug|Any CPU
		{855B2C84-A162-4120-ACD6-D9E72768C6C0}.Debug|x64.Build.0 = Debug|Any CPU
		{855B2C84-A162-4120-ACD6-D9E72768C6C0}.Debug|x86.ActiveCfg = Debug|Any CPU
		{855B2C84-A162-4120-ACD6-D9E72768C6C0}.Debug|x86.Build.0 = Debug|Any CPU
		{855B2C84-A162-4120-ACD6-D9E72768C6C0}.Release|Any CPU.ActiveCfg = Release|Any CPU
		{855B2C84-A162-4120-ACD6-D9E72768C6C0}.Release|Any CPU.Build.0 = Release|Any CPU
		{855B2C84-A162-4120-ACD6-D9E72768C6C0}.Release|ARM.ActiveCfg = Release|Any CPU
		{855B2C84-A162-4120-ACD6-D9E72768C6C0}.Release|ARM.Build.0 = Release|Any CPU
		{855B2C84-A162-4120-ACD6-D9E72768C6C0}.Release|x64.ActiveCfg = Release|Any CPU
		{855B2C84-A162-4120-ACD6-D9E72768C6C0}.Release|x64.Build.0 = Release|Any CPU
		{855B2C84-A162-4120-ACD6-D9E72768C6C0}.Release|x86.ActiveCfg = Release|Any CPU
		{855B2C84-A162-4120-ACD6-D9E72768C6C0}.Release|x86.Build.0 = Release|Any CPU
		{08F624EF-B1AC-43BA-BCC7-74DCC49557F0}.Debug|Any CPU.ActiveCfg = Debug|Any CPU
		{08F624EF-B1AC-43BA-BCC7-74DCC49557F0}.Debug|Any CPU.Build.0 = Debug|Any CPU
		{08F624EF-B1AC-43BA-BCC7-74DCC49557F0}.Debug|ARM.ActiveCfg = Debug|Any CPU
		{08F624EF-B1AC-43BA-BCC7-74DCC49557F0}.Debug|ARM.Build.0 = Debug|Any CPU
		{08F624EF-B1AC-43BA-BCC7-74DCC49557F0}.Debug|x64.ActiveCfg = Debug|Any CPU
		{08F624EF-B1AC-43BA-BCC7-74DCC49557F0}.Debug|x64.Build.0 = Debug|Any CPU
		{08F624EF-B1AC-43BA-BCC7-74DCC49557F0}.Debug|x86.ActiveCfg = Debug|Any CPU
		{08F624EF-B1AC-43BA-BCC7-74DCC49557F0}.Debug|x86.Build.0 = Debug|Any CPU
		{08F624EF-B1AC-43BA-BCC7-74DCC49557F0}.Release|Any CPU.ActiveCfg = Release|Any CPU
		{08F624EF-B1AC-43BA-BCC7-74DCC49557F0}.Release|Any CPU.Build.0 = Release|Any CPU
		{08F624EF-B1AC-43BA-BCC7-74DCC49557F0}.Release|ARM.ActiveCfg = Release|Any CPU
		{08F624EF-B1AC-43BA-BCC7-74DCC49557F0}.Release|ARM.Build.0 = Release|Any CPU
		{08F624EF-B1AC-43BA-BCC7-74DCC49557F0}.Release|x64.ActiveCfg = Release|Any CPU
		{08F624EF-B1AC-43BA-BCC7-74DCC49557F0}.Release|x64.Build.0 = Release|Any CPU
		{08F624EF-B1AC-43BA-BCC7-74DCC49557F0}.Release|x86.ActiveCfg = Release|Any CPU
		{08F624EF-B1AC-43BA-BCC7-74DCC49557F0}.Release|x86.Build.0 = Release|Any CPU
		{19D29711-EBAB-4D19-B8C9-AB6A76590A24}.Debug|Any CPU.ActiveCfg = Debug|Any CPU
		{19D29711-EBAB-4D19-B8C9-AB6A76590A24}.Debug|Any CPU.Build.0 = Debug|Any CPU
		{19D29711-EBAB-4D19-B8C9-AB6A76590A24}.Debug|ARM.ActiveCfg = Debug|Any CPU
		{19D29711-EBAB-4D19-B8C9-AB6A76590A24}.Debug|ARM.Build.0 = Debug|Any CPU
		{19D29711-EBAB-4D19-B8C9-AB6A76590A24}.Debug|x64.ActiveCfg = Debug|Any CPU
		{19D29711-EBAB-4D19-B8C9-AB6A76590A24}.Debug|x64.Build.0 = Debug|Any CPU
		{19D29711-EBAB-4D19-B8C9-AB6A76590A24}.Debug|x86.ActiveCfg = Debug|Any CPU
		{19D29711-EBAB-4D19-B8C9-AB6A76590A24}.Debug|x86.Build.0 = Debug|Any CPU
		{19D29711-EBAB-4D19-B8C9-AB6A76590A24}.Release|Any CPU.ActiveCfg = Release|Any CPU
		{19D29711-EBAB-4D19-B8C9-AB6A76590A24}.Release|Any CPU.Build.0 = Release|Any CPU
		{19D29711-EBAB-4D19-B8C9-AB6A76590A24}.Release|ARM.ActiveCfg = Release|Any CPU
		{19D29711-EBAB-4D19-B8C9-AB6A76590A24}.Release|ARM.Build.0 = Release|Any CPU
		{19D29711-EBAB-4D19-B8C9-AB6A76590A24}.Release|x64.ActiveCfg = Release|Any CPU
		{19D29711-EBAB-4D19-B8C9-AB6A76590A24}.Release|x64.Build.0 = Release|Any CPU
		{19D29711-EBAB-4D19-B8C9-AB6A76590A24}.Release|x86.ActiveCfg = Release|Any CPU
		{19D29711-EBAB-4D19-B8C9-AB6A76590A24}.Release|x86.Build.0 = Release|Any CPU
		{00833F7E-653C-4077-ABC8-7DA6334FC62A}.Debug|Any CPU.ActiveCfg = Debug|Any CPU
		{00833F7E-653C-4077-ABC8-7DA6334FC62A}.Debug|Any CPU.Build.0 = Debug|Any CPU
		{00833F7E-653C-4077-ABC8-7DA6334FC62A}.Debug|ARM.ActiveCfg = Debug|Any CPU
		{00833F7E-653C-4077-ABC8-7DA6334FC62A}.Debug|ARM.Build.0 = Debug|Any CPU
		{00833F7E-653C-4077-ABC8-7DA6334FC62A}.Debug|x64.ActiveCfg = Debug|Any CPU
		{00833F7E-653C-4077-ABC8-7DA6334FC62A}.Debug|x64.Build.0 = Debug|Any CPU
		{00833F7E-653C-4077-ABC8-7DA6334FC62A}.Debug|x86.ActiveCfg = Debug|Any CPU
		{00833F7E-653C-4077-ABC8-7DA6334FC62A}.Debug|x86.Build.0 = Debug|Any CPU
		{00833F7E-653C-4077-ABC8-7DA6334FC62A}.Release|Any CPU.ActiveCfg = Release|Any CPU
		{00833F7E-653C-4077-ABC8-7DA6334FC62A}.Release|Any CPU.Build.0 = Release|Any CPU
		{00833F7E-653C-4077-ABC8-7DA6334FC62A}.Release|ARM.ActiveCfg = Release|Any CPU
		{00833F7E-653C-4077-ABC8-7DA6334FC62A}.Release|ARM.Build.0 = Release|Any CPU
		{00833F7E-653C-4077-ABC8-7DA6334FC62A}.Release|x64.ActiveCfg = Release|Any CPU
		{00833F7E-653C-4077-ABC8-7DA6334FC62A}.Release|x64.Build.0 = Release|Any CPU
		{00833F7E-653C-4077-ABC8-7DA6334FC62A}.Release|x86.ActiveCfg = Release|Any CPU
		{00833F7E-653C-4077-ABC8-7DA6334FC62A}.Release|x86.Build.0 = Release|Any CPU
		{BFFA7B3C-8C24-42FB-9053-163DACAF8175}.Debug|Any CPU.ActiveCfg = Debug|Any CPU
		{BFFA7B3C-8C24-42FB-9053-163DACAF8175}.Debug|Any CPU.Build.0 = Debug|Any CPU
		{BFFA7B3C-8C24-42FB-9053-163DACAF8175}.Debug|ARM.ActiveCfg = Debug|Any CPU
		{BFFA7B3C-8C24-42FB-9053-163DACAF8175}.Debug|ARM.Build.0 = Debug|Any CPU
		{BFFA7B3C-8C24-42FB-9053-163DACAF8175}.Debug|x64.ActiveCfg = Debug|Any CPU
		{BFFA7B3C-8C24-42FB-9053-163DACAF8175}.Debug|x64.Build.0 = Debug|Any CPU
		{BFFA7B3C-8C24-42FB-9053-163DACAF8175}.Debug|x86.ActiveCfg = Debug|Any CPU
		{BFFA7B3C-8C24-42FB-9053-163DACAF8175}.Debug|x86.Build.0 = Debug|Any CPU
		{BFFA7B3C-8C24-42FB-9053-163DACAF8175}.Release|Any CPU.ActiveCfg = Release|Any CPU
		{BFFA7B3C-8C24-42FB-9053-163DACAF8175}.Release|Any CPU.Build.0 = Release|Any CPU
		{BFFA7B3C-8C24-42FB-9053-163DACAF8175}.Release|ARM.ActiveCfg = Release|Any CPU
		{BFFA7B3C-8C24-42FB-9053-163DACAF8175}.Release|ARM.Build.0 = Release|Any CPU
		{BFFA7B3C-8C24-42FB-9053-163DACAF8175}.Release|x64.ActiveCfg = Release|Any CPU
		{BFFA7B3C-8C24-42FB-9053-163DACAF8175}.Release|x64.Build.0 = Release|Any CPU
		{BFFA7B3C-8C24-42FB-9053-163DACAF8175}.Release|x86.ActiveCfg = Release|Any CPU
		{BFFA7B3C-8C24-42FB-9053-163DACAF8175}.Release|x86.Build.0 = Release|Any CPU
	EndGlobalSection
	GlobalSection(SolutionProperties) = preSolution
		HideSolutionNode = FALSE
	EndGlobalSection
	GlobalSection(NestedProjects) = preSolution
		{62FB2D09-8D85-4ACE-A945-A19C8B7B2D9C} = {EEA9C533-54AE-4B32-85DE-CA24C60C9016}
		{5B9E350E-BA7E-40AD-9F8E-0FF64A77C5B2} = {5F668B16-34EF-4AD9-925E-9402EC611BDF}
		{158A670C-A166-4555-8C17-7D979FF3F768} = {5F668B16-34EF-4AD9-925E-9402EC611BDF}
		{8BE90A56-5605-4EE4-8855-F3EBE0267B6D} = {5F668B16-34EF-4AD9-925E-9402EC611BDF}
		{2D657EE0-DDD0-4AF4-90BB-3DDAEE0F736F} = {464F0149-616F-4BF6-AFC9-322BA04F9395}
		{855B2C84-A162-4120-ACD6-D9E72768C6C0} = {E33F24A5-5EB0-4F01-89DA-66C74654C4B6}
		{08F624EF-B1AC-43BA-BCC7-74DCC49557F0} = {464F0149-616F-4BF6-AFC9-322BA04F9395}
		{19D29711-EBAB-4D19-B8C9-AB6A76590A24} = {464F0149-616F-4BF6-AFC9-322BA04F9395}
		{00833F7E-653C-4077-ABC8-7DA6334FC62A} = {E33F24A5-5EB0-4F01-89DA-66C74654C4B6}
		{BFFA7B3C-8C24-42FB-9053-163DACAF8175} = {E33F24A5-5EB0-4F01-89DA-66C74654C4B6}
	EndGlobalSection
EndGlobal
